{
	"name": "@uikit/stylesheet",
	"version": "0.0.32",
	"lockfileVersion": 1,
	"requires": true,
	"dependencies": {
		"css-vendor": {
			"version": "0.3.8",
			"resolved": "https://registry.npmjs.org/css-vendor/-/css-vendor-0.3.8.tgz",
			"integrity": "sha1-ZCHP0wNM5mT+dnOXL9ARn8KJQfo=",
			"requires": {
				"is-in-browser": "^1.0.2"
			}
		},
		"is-in-browser": {
			"version": "1.1.3",
			"resolved": "https://registry.npmjs.org/is-in-browser/-/is-in-browser-1.1.3.tgz",
			"integrity": "sha1-Vv9NtoOgeMYILrldrX3GLh0E+DU="
		},
		"js-tokens": {
			"version": "3.0.2",
			"resolved": "https://registry.npmjs.org/js-tokens/-/js-tokens-3.0.2.tgz",
			"integrity": "sha1-mGbfOVECEw449/mWvOtlRDIJwls="
		},
		"jss": {
			"version": "8.1.0",
			"resolved": "https://registry.npmjs.org/jss/-/jss-8.1.0.tgz",
			"integrity": "sha512-NZ4CNAoPaPlM2rqHxPG5uGQbQEFZ9n1PITn0+wGIdAk2ZtA/F6el0SphLHf8So1Sx6N34hnVFFIuc32/hdsEzw==",
			"requires": {
				"is-in-browser": "^1.0.2",
				"warning": "^3.0.0"
			}
		},
		"jss-cache": {
			"version": "3.0.0",
			"resolved": "https://registry.npmjs.org/jss-cache/-/jss-cache-3.0.0.tgz",
			"integrity": "sha512-QEqfjP9uS0nT2qSC/8xImdNYB2D3f8+g0sW6IKiZe0w/2dD5T6xml1DNguPdAoMLp0nQjxK4SCW+uEz55Ol2cg=="
		},
		"jss-camel-case": {
			"version": "5.0.0",
			"resolved": "https://registry.npmjs.org/jss-camel-case/-/jss-camel-case-5.0.0.tgz",
			"integrity": "sha512-vz11ip5EIlGuevtlUo9xIgiuD+it4Ebbb0+Y4o0A4oA8eOWY4aY7ihi/L7WvkQ54xnGOjUvLZ6nm2VYch2ufYg=="
		},
		"jss-default-unit": {
			"version": "7.0.0",
			"resolved": "https://registry.npmjs.org/jss-default-unit/-/jss-default-unit-7.0.0.tgz",
			"integrity": "sha512-U1Oi1h45vFRuISr+g1DQ3Oua7CkNKNs47fTdiT/lHkuBMc6BBDUbPv9IbPPhk9gsEaX45Iy9TX8CAuaHLPCfEA=="
		},
		"jss-nested": {
			"version": "5.0.0",
			"resolved": "https://registry.npmjs.org/jss-nested/-/jss-nested-5.0.0.tgz",
			"integrity": "sha512-9Molau+XVpSc6QEco3EC5yXmzeGMc5ZVII8+qy6jD6bvu6Y9mpfGoJ00LalR/n7xr/LC7Cxgs44UQQlLzumMBg==",
			"requires": {
				"warning": "^3.0.0"
			}
		},
		"jss-vendor-prefixer": {
			"version": "6.0.0",
			"resolved": "https://registry.npmjs.org/jss-vendor-prefixer/-/jss-vendor-prefixer-6.0.0.tgz",
			"integrity": "sha512-leqW7B2QLXYsUNR3jsUZP3CkuOYcWXyfF8TSJc4XNxhVCNH7ztK5dcnF8nLoMnxT0w/ajloeJKcch2ty/viCAA==",
			"requires": {
				"css-vendor": "^0.3.8"
			}
		},
		"loose-envify": {
			"version": "1.3.1",
			"resolved": "https://registry.npmjs.org/loose-envify/-/loose-envify-1.3.1.tgz",
			"integrity": "sha1-0aitM/qc4OcT1l/dCsi3SNR4yEg=",
			"requires": {
				"js-tokens": "^3.0.0"
			}
		},
		"warning": {
			"version": "3.0.0",
			"resolved": "https://registry.npmjs.org/warning/-/warning-3.0.0.tgz",
			"integrity": "sha1-MuU3fLVy3kqwR1O9+IIcAe1gW3w=",
			"requires": {
				"loose-envify": "^1.0.0"
			}
		}
	}
}
